// !$*UTF8*$!
{
	archiveVersion = 1;
	classes = {
	};
	objectVersion = 56;
	objects = {

/* Begin PBXBuildFile section */
		3F87A7DA29C94AE900D44F9F /* LogHandlerExampleApp.swift in Sources */ = {isa = PBXBuildFile; fileRef = 3F87A7D929C94AE900D44F9F /* LogHandlerExampleApp.swift */; };
		3F87A7DC29C94AE900D44F9F /* ContentView.swift in Sources */ = {isa = PBXBuildFile; fileRef = 3F87A7DB29C94AE900D44F9F /* ContentView.swift */; };
		3F87A7DE29C94AEA00D44F9F /* Assets.xcassets in Resources */ = {isa = PBXBuildFile; fileRef = 3F87A7DD29C94AEA00D44F9F /* Assets.xcassets */; };
		3F87A7E129C94AEA00D44F9F /* Preview Assets.xcassets in Resources */ = {isa = PBXBuildFile; fileRef = 3F87A7E029C94AEA00D44F9F /* Preview Assets.xcassets */; };
		3F87A7EB29C94B1A00D44F9F /* LogHandler in Frameworks */ = {isa = PBXBuildFile; productRef = 3F87A7EA29C94B1A00D44F9F /* LogHandler */; };
		3F87A7ED29C94D6C00D44F9F /* LogRecorder.swift in Sources */ = {isa = PBXBuildFile; fileRef = 3F87A7EC29C94D6C00D44F9F /* LogRecorder.swift */; };
		3FAB1D1A29CD7BBE00EFEDDE /* Logger+TextOutputStream.swift in Sources */ = {isa = PBXBuildFile; fileRef = 3FAB1D1929CD7BBE00EFEDDE /* Logger+TextOutputStream.swift */; };
/* End PBXBuildFile section */

/* Begin PBXFileReference section */
		3F87A7D629C94AE900D44F9F /* LogHandlerExample.app */ = {isa = PBXFileReference; explicitFileType = wrapper.application; includeInIndex = 0; path = LogHandlerExample.app; sourceTree = BUILT_PRODUCTS_DIR; };
		3F87A7D929C94AE900D44F9F /* LogHandlerExampleApp.swift */ = {isa = PBXFileReference; lastKnownFileType = sourcecode.swift; path = LogHandlerExampleApp.swift; sourceTree = "<group>"; };
		3F87A7DB29C94AE900D44F9F /* ContentView.swift */ = {isa = PBXFileReference; lastKnownFileType = sourcecode.swift; path = ContentView.swift; sourceTree = "<group>"; };
		3F87A7DD29C94AEA00D44F9F /* Assets.xcassets */ = {isa = PBXFileReference; lastKnownFileType = folder.assetcatalog; path = Assets.xcassets; sourceTree = "<group>"; };
		3F87A7E029C94AEA00D44F9F /* Preview Assets.xcassets */ = {isa = PBXFileReference; lastKnownFileType = folder.assetcatalog; path = "Preview Assets.xcassets"; sourceTree = "<group>"; };
		3F87A7E829C94B0200D44F9F /* LogHandler */ = {isa = PBXFileReference; lastKnownFileType = wrapper; name = LogHandler; path = ..; sourceTree = "<group>"; };
		3F87A7EC29C94D6C00D44F9F /* LogRecorder.swift */ = {isa = PBXFileReference; lastKnownFileType = sourcecode.swift; path = LogRecorder.swift; sourceTree = "<group>"; };
		3FAB1D1929CD7BBE00EFEDDE /* Logger+TextOutputStream.swift */ = {isa = PBXFileReference; lastKnownFileType = sourcecode.swift; path = "Logger+TextOutputStream.swift"; sourceTree = "<group>"; };
/* End PBXFileReference section */

/* Begin PBXFrameworksBuildPhase section */
		3F87A7D329C94AE900D44F9F /* Frameworks */ = {
			isa = PBXFrameworksBuildPhase;
			buildActionMask = 2147483647;
			files = (
				3F87A7EB29C94B1A00D44F9F /* LogHandler in Frameworks */,
			);
			runOnlyForDeploymentPostprocessing = 0;
		};
/* End PBXFrameworksBuildPhase section */

/* Begin PBXGroup section */
		3F87A7CD29C94AE900D44F9F = {
			isa = PBXGroup;
			children = (
				3F87A7D829C94AE900D44F9F /* LogHandlerExample */,
				3F87A7E729C94B0200D44F9F /* Packages */,
				3F87A7D729C94AE900D44F9F /* Products */,
				3F87A7E929C94B1A00D44F9F /* Frameworks */,
			);
			sourceTree = "<group>";
		};
		3F87A7D729C94AE900D44F9F /* Products */ = {
			isa = PBXGroup;
			children = (
				3F87A7D629C94AE900D44F9F /* LogHandlerExample.app */,
			);
			name = Products;
			sourceTree = "<group>";
		};
		3F87A7D829C94AE900D44F9F /* LogHandlerExample */ = {
			isa = PBXGroup;
			children = (
				3F87A7D929C94AE900D44F9F /* LogHandlerExampleApp.swift */,
				3F87A7DB29C94AE900D44F9F /* ContentView.swift */,
				3F87A7EC29C94D6C00D44F9F /* LogRecorder.swift */,
				3FAB1D1929CD7BBE00EFEDDE /* Logger+TextOutputStream.swift */,
				3F87A7DD29C94AEA00D44F9F /* Assets.xcassets */,
				3F87A7DF29C94AEA00D44F9F /* Preview Content */,
			);
			path = LogHandlerExample;
			sourceTree = "<group>";
		};
		3F87A7DF29C94AEA00D44F9F /* Preview Content */ = {
			isa = PBXGroup;
			children = (
				3F87A7E029C94AEA00D44F9F /* Preview Assets.xcassets */,
			);
			path = "Preview Content";
			sourceTree = "<group>";
		};
		3F87A7E729C94B0200D44F9F /* Packages */ = {
			isa = PBXGroup;
			children = (
				3F87A7E829C94B0200D44F9F /* LogHandler */,
			);
			name = Packages;
			sourceTree = "<group>";
		};
		3F87A7E929C94B1A00D44F9F /* Frameworks */ = {
			isa = PBXGroup;
			children = (
			);
			name = Frameworks;
			sourceTree = "<group>";
		};
/* End PBXGroup section */

/* Begin PBXNativeTarget section */
		3F87A7D529C94AE900D44F9F /* LogHandlerExample */ = {
			isa = PBXNativeTarget;
			buildConfigurationList = 3F87A7E429C94AEA00D44F9F /* Build configuration list for PBXNativeTarget "LogHandlerExample" */;
			buildPhases = (
				3F87A7D229C94AE900D44F9F /* Sources */,
				3F87A7D329C94AE900D44F9F /* Frameworks */,
				3F87A7D429C94AE900D44F9F /* Resources */,
			);
			buildRules = (
			);
			dependencies = (
			);
			name = LogHandlerExample;
			packageProductDependencies = (
				3F87A7EA29C94B1A00D44F9F /* LogHandler */,
			);
			productName = LogHandlerExample;
			productReference = 3F87A7D629C94AE900D44F9F /* LogHandlerExample.app */;
			productType = "com.apple.product-type.application";
		};
/* End PBXNativeTarget section */

/* Begin PBXProject section */
		3F87A7CE29C94AE900D44F9F /* Project object */ = {
			isa = PBXProject;
			attributes = {
				BuildIndependentTargetsInParallel = 1;
				LastSwiftUpdateCheck = 1430;
				LastUpgradeCheck = 1430;
				TargetAttributes = {
					3F87A7D529C94AE900D44F9F = {
						CreatedOnToolsVersion = 14.3;
					};
				};
			};
			buildConfigurationList = 3F87A7D129C94AE900D44F9F /* Build configuration list for PBXProject "LogHandlerExample" */;
			compatibilityVersion = "Xcode 14.0";
			developmentRegion = en;
			hasScannedForEncodings = 0;
			knownRegions = (
				en,
				Base,
			);
			mainGroup = 3F87A7CD29C94AE900D44F9F;
			productRefGroup = 3F87A7D729C94AE900D44F9F /* Products */;
			projectDirPath = "";
			projectRoot = "";
			targets = (
				3F87A7D529C94AE900D44F9F /* LogHandlerExample */,
			);
		};
/* End PBXProject section */

/* Begin PBXResourcesBuildPhase section */
		3F87A7D429C94AE900D44F9F /* Resources */ = {
			isa = PBXResourcesBuildPhase;
			buildActionMask = 2147483647;
			files = (
				3F87A7E129C94AEA00D44F9F /* Preview Assets.xcassets in Resources */,
				3F87A7DE29C94AEA00D44F9F /* Assets.xcassets in Resources */,
			);
			runOnlyForDeploymentPostprocessing = 0;
		};
/* End PBXResourcesBuildPhase section */

/* Begin PBXSourcesBuildPhase section */
		3F87A7D229C94AE900D44F9F /* Sources */ = {
			isa = PBXSourcesBuildPhase;
			buildActionMask = 2147483647;
			files = (
				3F87A7DC29C94AE900D44F9F /* ContentView.swift in Sources */,
				3FAB1D1A29CD7BBE00EFEDDE /* Logger+TextOutputStream.swift in Sources */,
				3F87A7DA29C94AE900D44F9F /* LogHandlerExampleApp.swift in Sources */,
				3F87A7ED29C94D6C00D44F9F /* LogRecorder.swift in Sources */,
			);
			runOnlyForDeploymentPostprocessing = 0;
		};
/* End PBXSourcesBuildPhase section */

/* Begin XCBuildConfiguration section */
		3F87A7E229C94AEA00D44F9F /* Debug */ = {
			isa = XCBuildConfiguration;
			buildSettings = {
				ALWAYS_SEARCH_USER_PATHS = NO;
				CLANG_ANALYZER_NONNULL = YES;
				CLANG_ANALYZER_NUMBER_OBJECT_CONVERSION = YES_AGGRESSIVE;
				CLANG_CXX_LANGUAGE_STANDARD = "gnu++20";
				CLANG_ENABLE_MODULES = YES;
				CLANG_ENABLE_OBJC_ARC = YES;
				CLANG_ENABLE_OBJC_WEAK = YES;
				CLANG_WARN_BLOCK_CAPTURE_AUTORELEASING = YES;
				CLANG_WARN_BOOL_CONVERSION = YES;
				CLANG_WARN_COMMA = YES;
				CLANG_WARN_CONSTANT_CONVERSION = YES;
				CLANG_WARN_DEPRECATED_OBJC_IMPLEMENTATIONS = YES;
				CLANG_WARN_DIRECT_OBJC_ISA_USAGE = YES_ERROR;
				CLANG_WARN_DOCUMENTATION_COMMENTS = YES;
				CLANG_WARN_EMPTY_BODY = YES;
				CLANG_WARN_ENUM_CONVERSION = YES;
				CLANG_WARN_INFINITE_RECURSION = YES;
				CLANG_WARN_INT_CONVERSION = YES;
				CLANG_WARN_NON_LITERAL_NULL_CONVERSION = YES;
				CLANG_WARN_OBJC_IMPLICIT_RETAIN_SELF = YES;
				CLANG_WARN_OBJC_LITERAL_CONVERSION = YES;
				CLANG_WARN_OBJC_ROOT_CLASS = YES_ERROR;
				CLANG_WARN_QUOTED_INCLUDE_IN_FRAMEWORK_HEADER = YES;
				CLANG_WARN_RANGE_LOOP_ANALYSIS = YES;
				CLANG_WARN_STRICT_PROTOTYPES = YES;
				CLANG_WARN_SUSPICIOUS_MOVE = YES;
				CLANG_WARN_UNGUARDED_AVAILABILITY = YES_AGGRESSIVE;
				CLANG_WARN_UNREACHABLE_CODE = YES;
				CLANG_WARN__DUPLICATE_METHOD_MATCH = YES;
				COPY_PHASE_STRIP = NO;
				DEBUG_INFORMATION_FORMAT = dwarf;
				ENABLE_STRICT_OBJC_MSGSEND = YES;
				ENABLE_TESTABILITY = YES;
				GCC_C_LANGUAGE_STANDARD = gnu11;
				GCC_DYNAMIC_NO_PIC = NO;
				GCC_NO_COMMON_BLOCKS = YES;
				GCC_OPTIMIZATION_LEVEL = 0;
				GCC_PREPROCESSOR_DEFINITIONS = (
					"DEBUG=1",
					"$(inherited)",
				);
				GCC_WARN_64_TO_32_BIT_CONVERSION = YES;
				GCC_WARN_ABOUT_RETURN_TYPE = YES_ERROR;
				GCC_WARN_UNDECLARED_SELECTOR = YES;
				GCC_WARN_UNINITIALIZED_AUTOS = YES_AGGRESSIVE;
				GCC_WARN_UNUSED_FUNCTION = YES;
				GCC_WARN_UNUSED_VARIABLE = YES;
				IPHONEOS_DEPLOYMENT_TARGET = 16.4;
				MTL_ENABLE_DEBUG_INFO = INCLUDE_SOURCE;
				MTL_FAST_MATH = YES;
				ONLY_ACTIVE_ARCH = YES;
				SDKROOT = iphoneos;
				SWIFT_ACTIVE_COMPILATION_CONDITIONS = DEBUG;
				SWIFT_OPTIMIZATION_LEVEL = "-Onone";
			};
			name = Debug;
		};
		3F87A7E329C94AEA00D44F9F /* Release */ = {
			isa = XCBuildConfiguration;
			buildSettings = {
				ALWAYS_SEARCH_USER_PATHS = NO;
				CLANG_ANALYZER_NONNULL = YES;
				CLANG_ANALYZER_NUMBER_OBJECT_CONVERSION = YES_AGGRESSIVE;
				CLANG_CXX_LANGUAGE_STANDARD = "gnu++20";
				CLANG_ENABLE_MODULES = YES;
				CLANG_ENABLE_OBJC_ARC = YES;
				CLANG_ENABLE_OBJC_WEAK = YES;
				CLANG_WARN_BLOCK_CAPTURE_AUTORELEASING = YES;
				CLANG_WARN_BOOL_CONVERSION = YES;
				CLANG_WARN_COMMA = YES;
				CLANG_WARN_CONSTANT_CONVERSION = YES;
				CLANG_WARN_DEPRECATED_OBJC_IMPLEMENTATIONS = YES;
				CLANG_WARN_DIRECT_OBJC_ISA_USAGE = YES_ERROR;
				CLANG_WARN_DOCUMENTATION_COMMENTS = YES;
				CLANG_WARN_EMPTY_BODY = YES;
				CLANG_WARN_ENUM_CONVERSION = YES;
				CLANG_WARN_INFINITE_RECURSION = YES;
				CLANG_WARN_INT_CONVERSION = YES;
				CLANG_WARN_NON_LITERAL_NULL_CONVERSION = YES;
				CLANG_WARN_OBJC_IMPLICIT_RETAIN_SELF = YES;
				CLANG_WARN_OBJC_LITERAL_CONVERSION = YES;
				CLANG_WARN_OBJC_ROOT_CLASS = YES_ERROR;
				CLANG_WARN_QUOTED_INCLUDE_IN_FRAMEWORK_HEADER = YES;
				CLANG_WARN_RANGE_LOOP_ANALYSIS = YES;
				CLANG_WARN_STRICT_PROTOTYPES = YES;
				CLANG_WARN_SUSPICIOUS_MOVE = YES;
				CLANG_WARN_UNGUARDED_AVAILABILITY = YES_AGGRESSIVE;
				CLANG_WARN_UNREACHABLE_CODE = YES;
				CLANG_WARN__DUPLICATE_METHOD_MATCH = YES;
				COPY_PHASE_STRIP = NO;
				DEBUG_INFORMATION_FORMAT = "dwarf-with-dsym";
				ENABLE_NS_ASSERTIONS = NO;
				ENABLE_STRICT_OBJC_MSGSEND = YES;
				GCC_C_LANGUAGE_STANDARD = gnu11;
				GCC_NO_COMMON_BLOCKS = YES;
				GCC_WARN_64_TO_32_BIT_CONVERSION = YES;
				GCC_WARN_ABOUT_RETURN_TYPE = YES_ERROR;
				GCC_WARN_UNDECLARED_SELECTOR = YES;
				GCC_WARN_UNINITIALIZED_AUTOS = YES_AGGRESSIVE;
				GCC_WARN_UNUSED_FUNCTION = YES;
				GCC_WARN_UNUSED_VARIABLE = YES;
				IPHONEOS_DEPLOYMENT_TARGET = 16.4;
				MTL_ENABLE_DEBUG_INFO = NO;
				MTL_FAST_MATH = YES;
				SDKROOT = iphoneos;
				SWIFT_COMPILATION_MODE = wholemodule;
				SWIFT_OPTIMIZATION_LEVEL = "-O";
				VALIDATE_PRODUCT = YES;
			};
			name = Release;
		};
		3F87A7E529C94AEA00D44F9F /* Debug */ = {
			isa = XCBuildConfiguration;
			buildSettings = {
				ASSETCATALOG_COMPILER_APPICON_NAME = AppIcon;
				ASSETCATALOG_COMPILER_GLOBAL_ACCENT_COLOR_NAME = AccentColor;
				CODE_SIGN_STYLE = Automatic;
				CURRENT_PROJECT_VERSION = 1;
				DEVELOPMENT_ASSET_PATHS = "\"LogHandlerExample/Preview Content\"";
				DEVELOPMENT_TEAM = "";
				ENABLE_PREVIEWS = YES;
				GENERATE_INFOPLIST_FILE = YES;
				INFOPLIST_KEY_UIApplicationSceneManifest_Generation = YES;
				INFOPLIST_KEY_UIApplicationSupportsIndirectInputEvents = YES;
				INFOPLIST_KEY_UILaunchScreen_Generation = YES;
				INFOPLIST_KEY_UISupportedInterfaceOrientations_iPad = "UIInterfaceOrientationPortrait UIInterfaceOrientationPortraitUpsideDown UIInterfaceOrientationLandscapeLeft UIInterfaceOrientationLandscapeRight";
				INFOPLIST_KEY_UISupportedInterfaceOrientations_iPhone = "UIInterfaceOrientationPortrait UIInterfaceOrientationLandscapeLeft UIInterfaceOrientationLandscapeRight";
				IPHONEOS_DEPLOYMENT_TARGET = 14.0;
				LD_RUNPATH_SEARCH_PATHS = (
					"$(inherited)",
					"@executable_path/Frameworks",
				);
				MARKETING_VERSION = 1.0;
				PRODUCT_BUNDLE_IDENTIFIER = app.lights.loghandler.example;
				PRODUCT_NAME = "$(TARGET_NAME)";
				SWIFT_EMIT_LOC_STRINGS = YES;
				SWIFT_VERSION = 5.0;
				TARGETED_DEVICE_FAMILY = "1,2";
			};
			name = Debug;
		};
		3F87A7E629C94AEA00D44F9F /* Release */ = {
			isa = XCBuildConfiguration;
			buildSettings = {
				ASSETCATALOG_COMPILER_APPICON_NAME = AppIcon;
				ASSETCATALOG_COMPILER_GLOBAL_ACCENT_COLOR_NAME = AccentColor;
				CODE_SIGN_STYLE = Automatic;
				CURRENT_PROJECT_VERSION = 1;
				DEVELOPMENT_ASSET_PATHS = "\"LogHandlerExample/Preview Content\"";
				DEVELOPMENT_TEAM = "";
				ENABLE_PREVIEWS = YES;
				GENERATE_INFOPLIST_FILE = YES;
				INFOPLIST_KEY_UIApplicationSceneManifest_Generation = YES;
				INFOPLIST_KEY_UIApplicationSupportsIndirectInputEvents = YES;
				INFOPLIST_KEY_UILaunchScreen_Generation = YES;
				INFOPLIST_KEY_UISupportedInterfaceOrientations_iPad = "UIInterfaceOrientationPortrait UIInterfaceOrientationPortraitUpsideDown UIInterfaceOrientationLandscapeLeft UIInterfaceOrientationLandscapeRight";
				INFOPLIST_KEY_UISupportedInterfaceOrientations_iPhone = "UIInterfaceOrientationPortrait UIInterfaceOrientationLandscapeLeft UIInterfaceOrientationLandscapeRight";
				IPHONEOS_DEPLOYMENT_TARGET = 14.0;
				LD_RUNPATH_SEARCH_PATHS = (
					"$(inherited)",
					"@executable_path/Frameworks",
				);
				MARKETING_VERSION = 1.0;
				PRODUCT_BUNDLE_IDENTIFIER = app.lights.loghandler.example;
				PRODUCT_NAME = "$(TARGET_NAME)";
				SWIFT_EMIT_LOC_STRINGS = YES;
				SWIFT_VERSION = 5.0;
				TARGETED_DEVICE_FAMILY = "1,2";
			};
			name = Release;
		};
/* End XCBuildConfiguration section */

/* Begin XCConfigurationList section */
		3F87A7D129C94AE900D44F9F /* Build configuration list for PBXProject "LogHandlerExample" */ = {
			isa = XCConfigurationList;
			buildConfigurations = (
				3F87A7E229C94AEA00D44F9F /* Debug */,
				3F87A7E329C94AEA00D44F9F /* Release */,
			);
			defaultConfigurationIsVisible = 0;
			defaultConfigurationName = Release;
		};
		3F87A7E429C94AEA00D44F9F /* Build configuration list for PBXNativeTarget "LogHandlerExample" */ = {
			isa = XCConfigurationList;
			buildConfigurations = (
				3F87A7E529C94AEA00D44F9F /* Debug */,
				3F87A7E629C94AEA00D44F9F /* Release */,
			);
			defaultConfigurationIsVisible = 0;
			defaultConfigurationName = Release;
		};
/* End XCConfigurationList section */

/* Begin XCSwiftPackageProductDependency section */
		3F87A7EA29C94B1A00D44F9F /* LogHandler */ = {
			isa = XCSwiftPackageProductDependency;
			productName = LogHandler;
		};
/* End XCSwiftPackageProductDependency section */
	};
	rootObject = 3F87A7CE29C94AE900D44F9F /* Project object */;
}
